
Microsoft Visual Studio Solution File, Format Version 12.00
# Visual Studio Version 17
VisualStudioVersion = 17.2.32516.85
MinimumVisualStudioVersion = 10.0.40219.1
Project("{FAE04EC0-301F-11D3-BF4B-00C04F79EFBC}") = "DemoApp", "DemoApp\DemoApp.csproj", "{6A3CABA9-27F2-492D-8C15-713EF2B89407}"
EndProject
Project("{E53339B2-1760-4266-BCC7-CA923CBCF16C}") = "docker-compose", "docker-compose.dcproj", "{4D6A4016-4376-46F7-8C7E-AA8B6B4E6DEC}"
EndProject
Global
	GlobalSection(SolutionConfigurationPlatforms) = preSolution
		Debug|Any CPU = Debug|Any CPU
		Release|Any CPU = Release|Any CPU
	EndGlobalSection
	GlobalSection(ProjectConfigurationPlatforms) = postSolution
		{6A3CABA9-27F2-492D-8C15-713EF2B89407}.Debug|Any CPU.ActiveCfg = Debug|Any CPU
		{6A3CABA9-27F2-492D-8C15-713EF2B89407}.Debug|Any CPU.Build.0 = Debug|Any CPU
		{6A3CABA9-27F2-492D-8C15-713EF2B89407}.Release|Any CPU.ActiveCfg = Release|Any CPU
		{6A3CABA9-27F2-492D-8C15-713EF2B89407}.Release|Any CPU.Build.0 = Release|Any CPU
		{4D6A4016-4376-46F7-8C7E-AA8B6B4E6DEC}.Debug|Any CPU.ActiveCfg = Debug|Any CPU
		{4D6A4016-4376-46F7-8C7E-AA8B6B4E6DEC}.Debug|Any CPU.Build.0 = Debug|Any CPU
		{4D6A4016-4376-46F7-8C7E-AA8B6B4E6DEC}.Release|Any CPU.ActiveCfg = Release|Any CPU
		{4D6A4016-4376-46F7-8C7E-AA8B6B4E6DEC}.Release|Any CPU.Build.0 = Release|Any CPU
	EndGlobalSection
	GlobalSection(SolutionProperties) = preSolution
		HideSolutionNode = FALSE
	EndGlobalSection
	GlobalSection(ExtensibilityGlobals) = postSolution
		SolutionGuid = {EA0E4124-0C16-42CF-A3A9-F8C932B82C40}
	EndGlobalSection
EndGlobal
